# This file is autogenerated, do not edit; changes may be undone by the next 'dep ensure'.


[[projects]]
  name = "github.com/inconshreveable/mousetrap"
  packages = ["."]
  revision = "76626ae9c91c4f2a10f34cad8ce83ea42c93bb75"
  version = "v1.0"

[[projects]]
  name = "github.com/pkg/errors"
  packages = ["."]
  revision = "645ef00459ed84a119197bfb8d8205042c6df63d"
  version = "v0.8.0"

[[projects]]
  name = "github.com/sirupsen/logrus"
  packages = ["."]
  revision = "d682213848ed68c0a260ca37d6dd5ace8423f5ba"
  version = "v1.0.4"

[[projects]]
  name = "github.com/spf13/cobra"
  packages = ["."]
  revision = "7b2c5ac9fc04fc5efafb60700713d4fa609b777b"
  version = "v0.0.1"

[[projects]]
  name = "github.com/spf13/pflag"
  packages = ["."]
  revision = "e57e3eeb33f795204c1ca35f56c44f83227c6e66"
  version = "v1.0.0"

[[projects]]
  branch = "master"
  name = "golang.org/x/crypto"
  packages = ["ssh/terminal"]
  revision = "c7dcf104e3a7a1417abc0230cb0d5240d764159d"

[[projects]]
  branch = "master"
  name = "golang.org/x/sys"
  packages = [
    "unix",
    "windows"
  ]
  revision = "7dca6fe1f43775aa6d1334576870ff63f978f539"

[solve-meta]
  analyzer-name = "dep"
  analyzer-version = 1
  inputs-digest = "d6acacb3d835ccc2c779539cbd1c5d9201ef431e769a705a82ed8bd5a54943b9"
  solver-name = "gps-cdcl"
  solver-version = 1
